// !$*UTF8*$!
{
	archiveVersion = 1;
	classes = {
	};
	objectVersion = 46;
	objects = {

/* Begin PBXBuildFile section */
		3C31B4EA1EA5BE800011392B /* main.m in Sources */ = {isa = PBXBuildFile; fileRef = 3C31B4E91EA5BE800011392B /* main.m */; };
		3C31B4ED1EA5BE800011392B /* AppDelegate.m in Sources */ = {isa = PBXBuildFile; fileRef = 3C31B4EC1EA5BE800011392B /* AppDelegate.m */; };
		3C31B4F01EA5BE800011392B /* ViewController.m in Sources */ = {isa = PBXBuildFile; fileRef = 3C31B4EF1EA5BE800011392B /* ViewController.m */; };
		3C31B4F31EA5BE800011392B /* Main.storyboard in Resources */ = {isa = PBXBuildFile; fileRef = 3C31B4F11EA5BE800011392B /* Main.storyboard */; };
		3C31B4F51EA5BE800011392B /* Assets.xcassets in Resources */ = {isa = PBXBuildFile; fileRef = 3C31B4F41EA5BE800011392B /* Assets.xcassets */; };
		3C31B4F81EA5BE800011392B /* LaunchScreen.storyboard in Resources */ = {isa = PBXBuildFile; fileRef = 3C31B4F61EA5BE800011392B /* LaunchScreen.storyboard */; };
		3C31B5011EA5BEC30011392B /* Person.m in Sources */ = {isa = PBXBuildFile; fileRef = 3C31B5001EA5BEC30011392B /* Person.m */; };
		3C31B5041EA5C24F0011392B /* UIViewController+Swizzling.m in Sources */ = {isa = PBXBuildFile; fileRef = 3C31B5031EA5C24F0011392B /* UIViewController+Swizzling.m */; };
		3C31B5071EA5DF520011392B /* UserInfo.m in Sources */ = {isa = PBXBuildFile; fileRef = 3C31B5061EA5DF520011392B /* UserInfo.m */; };
/* End PBXBuildFile section */

/* Begin PBXFileReference section */
		3C31B4E51EA5BE800011392B /* RunTime使用.app */ = {isa = PBXFileReference; explicitFileType = wrapper.application; includeInIndex = 0; path = "RunTime使用.app"; sourceTree = BUILT_PRODUCTS_DIR; };
		3C31B4E91EA5BE800011392B /* main.m */ = {isa = PBXFileReference; lastKnownFileType = sourcecode.c.objc; path = main.m; sourceTree = "<group>"; };
		3C31B4EB1EA5BE800011392B /* AppDelegate.h */ = {isa = PBXFileReference; lastKnownFileType = sourcecode.c.h; path = AppDelegate.h; sourceTree = "<group>"; };
		3C31B4EC1EA5BE800011392B /* AppDelegate.m */ = {isa = PBXFileReference; lastKnownFileType = sourcecode.c.objc; path = AppDelegate.m; sourceTree = "<group>"; };
		3C31B4EE1EA5BE800011392B /* ViewController.h */ = {isa = PBXFileReference; lastKnownFileType = sourcecode.c.h; path = ViewController.h; sourceTree = "<group>"; };
		3C31B4EF1EA5BE800011392B /* ViewController.m */ = {isa = PBXFileReference; lastKnownFileType = sourcecode.c.objc; path = ViewController.m; sourceTree = "<group>"; };
		3C31B4F21EA5BE800011392B /* Base */ = {isa = PBXFileReference; lastKnownFileType = file.storyboard; name = Base; path = Base.lproj/Main.storyboard; sourceTree = "<group>"; };
		3C31B4F41EA5BE800011392B /* Assets.xcassets */ = {isa = PBXFileReference; lastKnownFileType = folder.assetcatalog; path = Assets.xcassets; sourceTree = "<group>"; };
		3C31B4F71EA5BE800011392B /* Base */ = {isa = PBXFileReference; lastKnownFileType = file.storyboard; name = Base; path = Base.lproj/LaunchScreen.storyboard; sourceTree = "<group>"; };
		3C31B4F91EA5BE800011392B /* Info.plist */ = {isa = PBXFileReference; lastKnownFileType = text.plist.xml; path = Info.plist; sourceTree = "<group>"; };
		3C31B4FF1EA5BEC30011392B /* Person.h */ = {isa = PBXFileReference; fileEncoding = 4; lastKnownFileType = sourcecode.c.h; path = Person.h; sourceTree = "<group>"; };
		3C31B5001EA5BEC30011392B /* Person.m */ = {isa = PBXFileReference; fileEncoding = 4; lastKnownFileType = sourcecode.c.objc; path = Person.m; sourceTree = "<group>"; };
		3C31B5021EA5C24F0011392B /* UIViewController+Swizzling.h */ = {isa = PBXFileReference; fileEncoding = 4; lastKnownFileType = sourcecode.c.h; path = "UIViewController+Swizzling.h"; sourceTree = "<group>"; };
		3C31B5031EA5C24F0011392B /* UIViewController+Swizzling.m */ = {isa = PBXFileReference; fileEncoding = 4; lastKnownFileType = sourcecode.c.objc; path = "UIViewController+Swizzling.m"; sourceTree = "<group>"; };
		3C31B5051EA5DF520011392B /* UserInfo.h */ = {isa = PBXFileReference; fileEncoding = 4; lastKnownFileType = sourcecode.c.h; path = UserInfo.h; sourceTree = "<group>"; };
		3C31B5061EA5DF520011392B /* UserInfo.m */ = {isa = PBXFileReference; fileEncoding = 4; lastKnownFileType = sourcecode.c.objc; path = UserInfo.m; sourceTree = "<group>"; };
/* End PBXFileReference section */

/* Begin PBXFrameworksBuildPhase section */
		3C31B4E21EA5BE800011392B /* Frameworks */ = {
			isa = PBXFrameworksBuildPhase;
			buildActionMask = 2147483647;
			files = (
			);
			runOnlyForDeploymentPostprocessing = 0;
		};
/* End PBXFrameworksBuildPhase section */

/* Begin PBXGroup section */
		3C31B4DC1EA5BE800011392B = {
			isa = PBXGroup;
			children = (
				3C31B4E71EA5BE800011392B /* RunTime使用 */,
				3C31B4E61EA5BE800011392B /* Products */,
			);
			sourceTree = "<group>";
		};
		3C31B4E61EA5BE800011392B /* Products */ = {
			isa = PBXGroup;
			children = (
				3C31B4E51EA5BE800011392B /* RunTime使用.app */,
			);
			name = Products;
			sourceTree = "<group>";
		};
		3C31B4E71EA5BE800011392B /* RunTime使用 */ = {
			isa = PBXGroup;
			children = (
				3C31B4EB1EA5BE800011392B /* AppDelegate.h */,
				3C31B4EC1EA5BE800011392B /* AppDelegate.m */,
				3C31B4EE1EA5BE800011392B /* ViewController.h */,
				3C31B4EF1EA5BE800011392B /* ViewController.m */,
				3C31B4F11EA5BE800011392B /* Main.storyboard */,
				3C31B4F41EA5BE800011392B /* Assets.xcassets */,
				3C31B4F61EA5BE800011392B /* LaunchScreen.storyboard */,
				3C31B4F91EA5BE800011392B /* Info.plist */,
				3C31B4E81EA5BE800011392B /* Supporting Files */,
				3C31B4FF1EA5BEC30011392B /* Person.h */,
				3C31B5001EA5BEC30011392B /* Person.m */,
				3C31B5021EA5C24F0011392B /* UIViewController+Swizzling.h */,
				3C31B5031EA5C24F0011392B /* UIViewController+Swizzling.m */,
				3C31B5051EA5DF520011392B /* UserInfo.h */,
				3C31B5061EA5DF520011392B /* UserInfo.m */,
			);
			path = "RunTime使用";
			sourceTree = "<group>";
		};
		3C31B4E81EA5BE800011392B /* Supporting Files */ = {
			isa = PBXGroup;
			children = (
				3C31B4E91EA5BE800011392B /* main.m */,
			);
			name = "Supporting Files";
			sourceTree = "<group>";
		};
/* End PBXGroup section */

/* Begin PBXNativeTarget section */
		3C31B4E41EA5BE800011392B /* RunTime使用 */ = {
			isa = PBXNativeTarget;
			buildConfigurationList = 3C31B4FC1EA5BE800011392B /* Build configuration list for PBXNativeTarget "RunTime使用" */;
			buildPhases = (
				3C31B4E11EA5BE800011392B /* Sources */,
				3C31B4E21EA5BE800011392B /* Frameworks */,
				3C31B4E31EA5BE800011392B /* Resources */,
			);
			buildRules = (
			);
			dependencies = (
			);
			name = "RunTime使用";
			productName = "RunTime使用";
			productReference = 3C31B4E51EA5BE800011392B /* RunTime使用.app */;
			productType = "com.apple.product-type.application";
		};
/* End PBXNativeTarget section */

/* Begin PBXProject section */
		3C31B4DD1EA5BE800011392B /* Project object */ = {
			isa = PBXProject;
			attributes = {
				LastUpgradeCheck = 0820;
				ORGANIZATIONNAME = XFX;
				TargetAttributes = {
					3C31B4E41EA5BE800011392B = {
						CreatedOnToolsVersion = 8.2.1;
						ProvisioningStyle = Manual;
					};
				};
			};
			buildConfigurationList = 3C31B4E01EA5BE800011392B /* Build configuration list for PBXProject "RunTime使用" */;
			compatibilityVersion = "Xcode 3.2";
			developmentRegion = English;
			hasScannedForEncodings = 0;
			knownRegions = (
				en,
				Base,
			);
			mainGroup = 3C31B4DC1EA5BE800011392B;
			productRefGroup = 3C31B4E61EA5BE800011392B /* Products */;
			projectDirPath = "";
			projectRoot = "";
			targets = (
				3C31B4E41EA5BE800011392B /* RunTime使用 */,
			);
		};
/* End PBXProject section */

/* Begin PBXResourcesBuildPhase section */
		3C31B4E31EA5BE800011392B /* Resources */ = {
			isa = PBXResourcesBuildPhase;
			buildActionMask = 2147483647;
			files = (
				3C31B4F81EA5BE800011392B /* LaunchScreen.storyboard in Resources */,
				3C31B4F51EA5BE800011392B /* Assets.xcassets in Resources */,
				3C31B4F31EA5BE800011392B /* Main.storyboard in Resources */,
			);
			runOnlyForDeploymentPostprocessing = 0;
		};
/* End PBXResourcesBuildPhase section */

/* Begin PBXSourcesBuildPhase section */
		3C31B4E11EA5BE800011392B /* Sources */ = {
			isa = PBXSourcesBuildPhase;
			buildActionMask = 2147483647;
			files = (
				3C31B4F01EA5BE800011392B /* ViewController.m in Sources */,
				3C31B4ED1EA5BE800011392B /* AppDelegate.m in Sources */,
				3C31B5011EA5BEC30011392B /* Person.m in Sources */,
				3C31B5041EA5C24F0011392B /* UIViewController+Swizzling.m in Sources */,
				3C31B5071EA5DF520011392B /* UserInfo.m in Sources */,
				3C31B4EA1EA5BE800011392B /* main.m in Sources */,
			);
			runOnlyForDeploymentPostprocessing = 0;
		};
/* End PBXSourcesBuildPhase section */

/* Begin PBXVariantGroup section */
		3C31B4F11EA5BE800011392B /* Main.storyboard */ = {
			isa = PBXVariantGroup;
			children = (
				3C31B4F21EA5BE800011392B /* Base */,
			);
			name = Main.storyboard;
			sourceTree = "<group>";
		};
		3C31B4F61EA5BE800011392B /* LaunchScreen.storyboard */ = {
			isa = PBXVariantGroup;
			children = (
				3C31B4F71EA5BE800011392B /* Base */,
			);
			name = LaunchScreen.storyboard;
			sourceTree = "<group>";
		};
/* End PBXVariantGroup section */

/* Begin XCBuildConfiguration section */
		3C31B4FA1EA5BE800011392B /* Debug */ = {
			isa = XCBuildConfiguration;
			buildSettings = {
				ALWAYS_SEARCH_USER_PATHS = NO;
				CLANG_ANALYZER_NONNULL = YES;
				CLANG_CXX_LANGUAGE_STANDARD = "gnu++0x";
				CLANG_CXX_LIBRARY = "libc++";
				CLANG_ENABLE_MODULES = YES;
				CLANG_ENABLE_OBJC_ARC = YES;
				CLANG_WARN_BOOL_CONVERSION = YES;
				CLANG_WARN_CONSTANT_CONVERSION = YES;
				CLANG_WARN_DIRECT_OBJC_ISA_USAGE = YES_ERROR;
				CLANG_WARN_DOCUMENTATION_COMMENTS = YES;
				CLANG_WARN_EMPTY_BODY = YES;
				CLANG_WARN_ENUM_CONVERSION = YES;
				CLANG_WARN_INFINITE_RECURSION = YES;
				CLANG_WARN_INT_CONVERSION = YES;
				CLANG_WARN_OBJC_ROOT_CLASS = YES_ERROR;
				CLANG_WARN_SUSPICIOUS_MOVE = YES;
				CLANG_WARN_UNREACHABLE_CODE = YES;
				CLANG_WARN__DUPLICATE_METHOD_MATCH = YES;
				"CODE_SIGN_IDENTITY[sdk=iphoneos*]" = "iPhone Developer";
				COPY_PHASE_STRIP = NO;
				DEBUG_INFORMATION_FORMAT = dwarf;
				ENABLE_STRICT_OBJC_MSGSEND = YES;
				ENABLE_TESTABILITY = YES;
				GCC_C_LANGUAGE_STANDARD = gnu99;
				GCC_DYNAMIC_NO_PIC = NO;
				GCC_NO_COMMON_BLOCKS = YES;
				GCC_OPTIMIZATION_LEVEL = 0;
				GCC_PREPROCESSOR_DEFINITIONS = (
					"DEBUG=1",
					"$(inherited)",
				);
				GCC_WARN_64_TO_32_BIT_CONVERSION = YES;
				GCC_WARN_ABOUT_RETURN_TYPE = YES_ERROR;
				GCC_WARN_UNDECLARED_SELECTOR = YES;
				GCC_WARN_UNINITIALIZED_AUTOS = YES_AGGRESSIVE;
				GCC_WARN_UNUSED_FUNCTION = YES;
				GCC_WARN_UNUSED_VARIABLE = YES;
				IPHONEOS_DEPLOYMENT_TARGET = 10.2;
				MTL_ENABLE_DEBUG_INFO = YES;
				ONLY_ACTIVE_ARCH = YES;
				SDKROOT = iphoneos;
			};
			name = Debug;
		};
		3C31B4FB1EA5BE800011392B /* Release */ = {
			isa = XCBuildConfiguration;
			buildSettings = {
				ALWAYS_SEARCH_USER_PATHS = NO;
				CLANG_ANALYZER_NONNULL = YES;
				CLANG_CXX_LANGUAGE_STANDARD = "gnu++0x";
				CLANG_CXX_LIBRARY = "libc++";
				CLANG_ENABLE_MODULES = YES;
				CLANG_ENABLE_OBJC_ARC = YES;
				CLANG_WARN_BOOL_CONVERSION = YES;
				CLANG_WARN_CONSTANT_CONVERSION = YES;
				CLANG_WARN_DIRECT_OBJC_ISA_USAGE = YES_ERROR;
				CLANG_WARN_DOCUMENTATION_COMMENTS = YES;
				CLANG_WARN_EMPTY_BODY = YES;
				CLANG_WARN_ENUM_CONVERSION = YES;
				CLANG_WARN_INFINITE_RECURSION = YES;
				CLANG_WARN_INT_CONVERSION = YES;
				CLANG_WARN_OBJC_ROOT_CLASS = YES_ERROR;
				CLANG_WARN_SUSPICIOUS_MOVE = YES;
				CLANG_WARN_UNREACHABLE_CODE = YES;
				CLANG_WARN__DUPLICATE_METHOD_MATCH = YES;
				"CODE_SIGN_IDENTITY[sdk=iphoneos*]" = "iPhone Developer";
				COPY_PHASE_STRIP = NO;
				DEBUG_INFORMATION_FORMAT = "dwarf-with-dsym";
				ENABLE_NS_ASSERTIONS = NO;
				ENABLE_STRICT_OBJC_MSGSEND = YES;
				GCC_C_LANGUAGE_STANDARD = gnu99;
				GCC_NO_COMMON_BLOCKS = YES;
				GCC_WARN_64_TO_32_BIT_CONVERSION = YES;
				GCC_WARN_ABOUT_RETURN_TYPE = YES_ERROR;
				GCC_WARN_UNDECLARED_SELECTOR = YES;
				GCC_WARN_UNINITIALIZED_AUTOS = YES_AGGRESSIVE;
				GCC_WARN_UNUSED_FUNCTION = YES;
				GCC_WARN_UNUSED_VARIABLE = YES;
				IPHONEOS_DEPLOYMENT_TARGET = 10.2;
				MTL_ENABLE_DEBUG_INFO = NO;
				SDKROOT = iphoneos;
				VALIDATE_PRODUCT = YES;
			};
			name = Release;
		};
		3C31B4FD1EA5BE800011392B /* Debug */ = {
			isa = XCBuildConfiguration;
			buildSettings = {
				ASSETCATALOG_COMPILER_APPICON_NAME = AppIcon;
				DEVELOPMENT_TEAM = "";
				INFOPLIST_FILE = "RunTime使用/Info.plist";
				LD_RUNPATH_SEARCH_PATHS = "$(inherited) @executable_path/Frameworks";
				PRODUCT_BUNDLE_IDENTIFIER = "Seraphic.RunTime--";
				PRODUCT_NAME = "$(TARGET_NAME)";
			};
			name = Debug;
		};
		3C31B4FE1EA5BE800011392B /* Release */ = {
			isa = XCBuildConfiguration;
			buildSettings = {
				ASSETCATALOG_COMPILER_APPICON_NAME = AppIcon;
				DEVELOPMENT_TEAM = "";
				INFOPLIST_FILE = "RunTime使用/Info.plist";
				LD_RUNPATH_SEARCH_PATHS = "$(inherited) @executable_path/Frameworks";
				PRODUCT_BUNDLE_IDENTIFIER = "Seraphic.RunTime--";
				PRODUCT_NAME = "$(TARGET_NAME)";
			};
			name = Release;
		};
/* End XCBuildConfiguration section */

/* Begin XCConfigurationList section */
		3C31B4E01EA5BE800011392B /* Build configuration list for PBXProject "RunTime使用" */ = {
			isa = XCConfigurationList;
			buildConfigurations = (
				3C31B4FA1EA5BE800011392B /* Debug */,
				3C31B4FB1EA5BE800011392B /* Release */,
			);
			defaultConfigurationIsVisible = 0;
			defaultConfigurationName = Release;
		};
		3C31B4FC1EA5BE800011392B /* Build configuration list for PBXNativeTarget "RunTime使用" */ = {
			isa = XCConfigurationList;
			buildConfigurations = (
				3C31B4FD1EA5BE800011392B /* Debug */,
				3C31B4FE1EA5BE800011392B /* Release */,
			);
			defaultConfigurationIsVisible = 0;
		};
/* End XCConfigurationList section */
	};
	rootObject = 3C31B4DD1EA5BE800011392B /* Project object */;
}
